
Microsoft Visual Studio Solution File, Format Version 12.00
# Visual Studio Version 17
VisualStudioVersion = 17.8.34525.116
MinimumVisualStudioVersion = 10.0.40219.1
Project("{FAE04EC0-301F-11D3-BF4B-00C04F79EFBC}") = "SalarioLiquido", "SalarioLiquido\SalarioLiquido.csproj", "{A94E9FE0-96D3-4D75-8A15-71BE3C1C2F29}"
EndProject
Global
	GlobalSection(SolutionConfigurationPlatforms) = preSolution
		Debug|Any CPU = Debug|Any CPU
		Release|Any CPU = Release|Any CPU
	EndGlobalSection
	GlobalSection(ProjectConfigurationPlatforms) = postSolution
		{A94E9FE0-96D3-4D75-8A15-71BE3C1C2F29}.Debug|Any CPU.ActiveCfg = Debug|Any CPU
		{A94E9FE0-96D3-4D75-8A15-71BE3C1C2F29}.Debug|Any CPU.Build.0 = Debug|Any CPU
		{A94E9FE0-96D3-4D75-8A15-71BE3C1C2F29}.Release|Any CPU.ActiveCfg = Release|Any CPU
		{A94E9FE0-96D3-4D75-8A15-71BE3C1C2F29}.Release|Any CPU.Build.0 = Release|Any CPU
	EndGlobalSection
	GlobalSection(SolutionProperties) = preSolution
		HideSolutionNode = FALSE
	EndGlobalSection
	GlobalSection(ExtensibilityGlobals) = postSolution
		SolutionGuid = {91087F78-6978-4E50-AE52-6FBA92502D5A}
	EndGlobalSection
EndGlobal
